# This file is @generated by PDM.
# It is not intended for manual editing.

[[package]]
name = "pyaudio"
version = "0.2.14"
summary = "Cross-platform audio I/O with PortAudio"

[metadata]
lock_version = "4.2"
cross_platform = true
groups = ["default"]
content_hash = "sha256:9102024f6e2c26b6c2eadf47005548b58843cd0b7687e33cd9b4e11bb3e0d48d"

[metadata.files]
"pyaudio 0.2.14" = [
    {url = "https://files.pythonhosted.org/packages/05/4d/8e96cb4e350870b4c8b73f18903804dd9c2d99792beeddf7e7f7c74ed1bd/PyAudio-0.2.14-cp39-cp39-win32.whl", hash = "sha256:f745109634a7c19fa4d6b8b7d6967c3123d988c9ade0cd35d4295ee1acdb53e9"},
    {url = "https://files.pythonhosted.org/packages/26/1d/8878c7752febb0f6716a7e1a52cb92ac98871c5aa522cba181878091607c/PyAudio-0.2.14.tar.gz", hash = "sha256:78dfff3879b4994d1f4fc6485646a57755c6ee3c19647a491f790a0895bd2f87"},
    {url = "https://files.pythonhosted.org/packages/27/bc/719d140ee63cf4b0725016531d36743a797ffdbab85e8536922902c9349a/PyAudio-0.2.14-cp310-cp310-win_amd64.whl", hash = "sha256:2a166fc88d435a2779810dd2678354adc33499e9d4d7f937f28b20cc55893e83"},
    {url = "https://files.pythonhosted.org/packages/31/33/91d2294eec57699ac4d511f65480b097b89af38635cf1af90321e366d828/PyAudio-0.2.14-cp38-cp38-win32.whl", hash = "sha256:858caf35b05c26d8fc62f1efa2e8f53d5fa1a01164842bd622f70ddc41f55000"},
    {url = "https://files.pythonhosted.org/packages/72/d7/06eb308310281200e113910a675ea63483eeafcb1d851db8ef98393a3e33/PyAudio-0.2.14-cp38-cp38-win_amd64.whl", hash = "sha256:2dac0d6d675fe7e181ba88f2de88d321059b69abd52e3f4934a8878e03a7a074"},
    {url = "https://files.pythonhosted.org/packages/7b/f0/b0eab89eafa70a86b7b566a4df2f94c7880a2d483aa8de1c77d335335b5b/PyAudio-0.2.14-cp311-cp311-win32.whl", hash = "sha256:506b32a595f8693811682ab4b127602d404df7dfc453b499c91a80d0f7bad289"},
    {url = "https://files.pythonhosted.org/packages/82/d8/f043c854aad450a76e476b0cf9cda1956419e1dacf1062eb9df3c0055abe/PyAudio-0.2.14-cp311-cp311-win_amd64.whl", hash = "sha256:bbeb01d36a2f472ae5ee5e1451cacc42112986abe622f735bb870a5db77cf903"},
    {url = "https://files.pythonhosted.org/packages/8d/45/8d2b76e8f6db783f9326c1305f3f816d4a12c8eda5edc6a2e1d03c097c3b/PyAudio-0.2.14-cp312-cp312-win32.whl", hash = "sha256:5fce4bcdd2e0e8c063d835dbe2860dac46437506af509353c7f8114d4bacbd5b"},
    {url = "https://files.pythonhosted.org/packages/90/90/1553487277e6aa25c0b7c2c38709cdd2b49e11c66c0b25c6e8b7b6638c72/PyAudio-0.2.14-cp310-cp310-win32.whl", hash = "sha256:126065b5e82a1c03ba16e7c0404d8f54e17368836e7d2d92427358ad44fefe61"},
    {url = "https://files.pythonhosted.org/packages/ac/9e/cb59be3b49a6c1ee6350f27ca1abae2be2c7e643eac63cf10c399c4d6f71/PyAudio-0.2.14-cp39-cp39-win_amd64.whl", hash = "sha256:009f357ee5aa6bc8eb19d69921cd30e98c42cddd34210615d592a71d09c4bd57"},
    {url = "https://files.pythonhosted.org/packages/b0/6a/d25812e5f79f06285767ec607b39149d02aa3b31d50c2269768f48768930/PyAudio-0.2.14-cp312-cp312-win_amd64.whl", hash = "sha256:12f2f1ba04e06ff95d80700a78967897a489c05e093e3bffa05a84ed9c0a7fa3"},
]
